
Microsoft Visual Studio Solution File, Format Version 12.00
# Visual Studio 15
VisualStudioVersion = 15.0.27130.2027
MinimumVisualStudioVersion = 10.0.40219.1
Project("{2150E333-8FDC-42A3-9474-1A3956D46DE8}") = "src", "src", "{0BC3F157-5527-4E28-99E5-DBEF4E252DCC}"
EndProject
Project("{9A19103F-16F7-4668-BE54-9A1E7A4F7556}") = "EvolutionIT.Template.WebApi", "src\EvolutionIT.Template.WebApi\EvolutionIT.Template.WebApi.csproj", "{742AD2FC-D545-4779-928D-97B9C8B805B1}"
EndProject
Project("{2150E333-8FDC-42A3-9474-1A3956D46DE8}") = "2 - Services", "2 - Services", "{9706EBEE-BADC-4EF4-9090-21873C49D7A3}"
EndProject
Project("{2150E333-8FDC-42A3-9474-1A3956D46DE8}") = "3 - Application", "3 - Application", "{ED6BC271-68C0-4B92-B385-CC3809B75078}"
EndProject
Project("{2150E333-8FDC-42A3-9474-1A3956D46DE8}") = "4 - Domain", "4 - Domain", "{A337CFB5-1CAE-434C-90CB-F34F094C6ADE}"
EndProject
Project("{2150E333-8FDC-42A3-9474-1A3956D46DE8}") = "5 - Infrastructure", "5 - Infrastructure", "{BA1BF5A6-5FA6-4267-93ED-42BCC6E0C09A}"
EndProject
Project("{9A19103F-16F7-4668-BE54-9A1E7A4F7556}") = "EvolutionIT.Template.Domain", "src\EvolutionIT.Template.Domain\EvolutionIT.Template.Domain.csproj", "{F999D88B-0B77-4AE5-B7EA-6A4541FEA582}"
EndProject
Project("{2150E333-8FDC-42A3-9474-1A3956D46DE8}") = "5.1 - Data", "5.1 - Data", "{BB631FD9-5C84-4B96-BDFF-CE0F9025FC09}"
EndProject
Project("{9A19103F-16F7-4668-BE54-9A1E7A4F7556}") = "EvolutionIT.Template.Data", "src\EvolutionIT.Template.Data\EvolutionIT.Template.Data.csproj", "{9EECB6B1-7D32-4130-B221-25FD1C647697}"
EndProject
Project("{2150E333-8FDC-42A3-9474-1A3956D46DE8}") = "5.2 - CrossCutting", "5.2 - CrossCutting", "{001BB1F3-BD61-40EC-9AC9-F2C516A76F90}"
EndProject
Project("{9A19103F-16F7-4668-BE54-9A1E7A4F7556}") = "EvolutionIT.Template.CrossCutting.IoC", "src\EvolutionIT.Template.CrossCutting.IoC\EvolutionIT.Template.CrossCutting.IoC.csproj", "{B2855323-6EA8-4DD3-B60E-83E55206F982}"
EndProject
Project("{9A19103F-16F7-4668-BE54-9A1E7A4F7556}") = "EvolutionIT.Template.Application", "src\EvolutionIT.Template.Application\EvolutionIT.Template.Application.csproj", "{6E91F40C-A9AF-431E-A2C6-966AE16184C0}"
EndProject
Project("{2150E333-8FDC-42A3-9474-1A3956D46DE8}") = "1 - Presentation", "1 - Presentation", "{837B6EFA-F6A0-4208-9A80-72A29EAA4BC6}"
EndProject
Global
	GlobalSection(SolutionConfigurationPlatforms) = preSolution
		Debug|Any CPU = Debug|Any CPU
		Release|Any CPU = Release|Any CPU
	EndGlobalSection
	GlobalSection(ProjectConfigurationPlatforms) = postSolution
		{742AD2FC-D545-4779-928D-97B9C8B805B1}.Debug|Any CPU.ActiveCfg = Debug|Any CPU
		{742AD2FC-D545-4779-928D-97B9C8B805B1}.Debug|Any CPU.Build.0 = Debug|Any CPU
		{742AD2FC-D545-4779-928D-97B9C8B805B1}.Release|Any CPU.ActiveCfg = Release|Any CPU
		{742AD2FC-D545-4779-928D-97B9C8B805B1}.Release|Any CPU.Build.0 = Release|Any CPU
		{F999D88B-0B77-4AE5-B7EA-6A4541FEA582}.Debug|Any CPU.ActiveCfg = Debug|Any CPU
		{F999D88B-0B77-4AE5-B7EA-6A4541FEA582}.Debug|Any CPU.Build.0 = Debug|Any CPU
		{F999D88B-0B77-4AE5-B7EA-6A4541FEA582}.Release|Any CPU.ActiveCfg = Release|Any CPU
		{F999D88B-0B77-4AE5-B7EA-6A4541FEA582}.Release|Any CPU.Build.0 = Release|Any CPU
		{9EECB6B1-7D32-4130-B221-25FD1C647697}.Debug|Any CPU.ActiveCfg = Debug|Any CPU
		{9EECB6B1-7D32-4130-B221-25FD1C647697}.Debug|Any CPU.Build.0 = Debug|Any CPU
		{9EECB6B1-7D32-4130-B221-25FD1C647697}.Release|Any CPU.ActiveCfg = Release|Any CPU
		{9EECB6B1-7D32-4130-B221-25FD1C647697}.Release|Any CPU.Build.0 = Release|Any CPU
		{B2855323-6EA8-4DD3-B60E-83E55206F982}.Debug|Any CPU.ActiveCfg = Debug|Any CPU
		{B2855323-6EA8-4DD3-B60E-83E55206F982}.Debug|Any CPU.Build.0 = Debug|Any CPU
		{B2855323-6EA8-4DD3-B60E-83E55206F982}.Release|Any CPU.ActiveCfg = Release|Any CPU
		{B2855323-6EA8-4DD3-B60E-83E55206F982}.Release|Any CPU.Build.0 = Release|Any CPU
		{6E91F40C-A9AF-431E-A2C6-966AE16184C0}.Debug|Any CPU.ActiveCfg = Debug|Any CPU
		{6E91F40C-A9AF-431E-A2C6-966AE16184C0}.Debug|Any CPU.Build.0 = Debug|Any CPU
		{6E91F40C-A9AF-431E-A2C6-966AE16184C0}.Release|Any CPU.ActiveCfg = Release|Any CPU
		{6E91F40C-A9AF-431E-A2C6-966AE16184C0}.Release|Any CPU.Build.0 = Release|Any CPU
	EndGlobalSection
	GlobalSection(SolutionProperties) = preSolution
		HideSolutionNode = FALSE
	EndGlobalSection
	GlobalSection(NestedProjects) = preSolution
		{742AD2FC-D545-4779-928D-97B9C8B805B1} = {9706EBEE-BADC-4EF4-9090-21873C49D7A3}
		{9706EBEE-BADC-4EF4-9090-21873C49D7A3} = {0BC3F157-5527-4E28-99E5-DBEF4E252DCC}
		{ED6BC271-68C0-4B92-B385-CC3809B75078} = {0BC3F157-5527-4E28-99E5-DBEF4E252DCC}
		{A337CFB5-1CAE-434C-90CB-F34F094C6ADE} = {0BC3F157-5527-4E28-99E5-DBEF4E252DCC}
		{BA1BF5A6-5FA6-4267-93ED-42BCC6E0C09A} = {0BC3F157-5527-4E28-99E5-DBEF4E252DCC}
		{F999D88B-0B77-4AE5-B7EA-6A4541FEA582} = {A337CFB5-1CAE-434C-90CB-F34F094C6ADE}
		{BB631FD9-5C84-4B96-BDFF-CE0F9025FC09} = {BA1BF5A6-5FA6-4267-93ED-42BCC6E0C09A}
		{9EECB6B1-7D32-4130-B221-25FD1C647697} = {BB631FD9-5C84-4B96-BDFF-CE0F9025FC09}
		{001BB1F3-BD61-40EC-9AC9-F2C516A76F90} = {BA1BF5A6-5FA6-4267-93ED-42BCC6E0C09A}
		{B2855323-6EA8-4DD3-B60E-83E55206F982} = {001BB1F3-BD61-40EC-9AC9-F2C516A76F90}
		{6E91F40C-A9AF-431E-A2C6-966AE16184C0} = {ED6BC271-68C0-4B92-B385-CC3809B75078}
		{837B6EFA-F6A0-4208-9A80-72A29EAA4BC6} = {0BC3F157-5527-4E28-99E5-DBEF4E252DCC}
	EndGlobalSection
	GlobalSection(ExtensibilityGlobals) = postSolution
		SolutionGuid = {38217957-75B6-4F02-A70C-511C0511F77C}
	EndGlobalSection
EndGlobal
